// !$*UTF8*$!
{
	archiveVersion = 1;
	classes = {
	};
	objectVersion = 46;
	objects = {

/* Begin PBXBuildFile section */
		2D002CFB1AC452ED0092A0FA /* Node.swift in Sources */ = {isa = PBXBuildFile; fileRef = 2D002CFA1AC452ED0092A0FA /* Node.swift */; };
		2D002CFD1AC453BD0092A0FA /* SoftSurvey.swift in Sources */ = {isa = PBXBuildFile; fileRef = 2D002CFC1AC453BD0092A0FA /* SoftSurvey.swift */; };
		2D284CA71AA7719C005C6215 /* AppDelegate.swift in Sources */ = {isa = PBXBuildFile; fileRef = 2D284CA61AA7719C005C6215 /* AppDelegate.swift */; };
		2D284CAA1AA7719C005C6215 /* SoftSurvey.xcdatamodeld in Sources */ = {isa = PBXBuildFile; fileRef = 2D284CA81AA7719C005C6215 /* SoftSurvey.xcdatamodeld */; };
		2D284CAC1AA7719C005C6215 /* ViewController.swift in Sources */ = {isa = PBXBuildFile; fileRef = 2D284CAB1AA7719C005C6215 /* ViewController.swift */; };
		2D284CB11AA7719C005C6215 /* Images.xcassets in Resources */ = {isa = PBXBuildFile; fileRef = 2D284CB01AA7719C005C6215 /* Images.xcassets */; };
		2D284CB41AA7719C005C6215 /* LaunchScreen.xib in Resources */ = {isa = PBXBuildFile; fileRef = 2D284CB21AA7719C005C6215 /* LaunchScreen.xib */; };
		2D284CC01AA7719C005C6215 /* SoftSurveyTests.swift in Sources */ = {isa = PBXBuildFile; fileRef = 2D284CBF1AA7719C005C6215 /* SoftSurveyTests.swift */; };
		2D284CD41AA79DF5005C6215 /* SoftQuestion.swift in Sources */ = {isa = PBXBuildFile; fileRef = 2D284CD31AA79DF5005C6215 /* SoftQuestion.swift */; };
		2D4709451B14A7F4002B314E /* SoftButtonsController.swift in Sources */ = {isa = PBXBuildFile; fileRef = 2D4709441B14A7F4002B314E /* SoftButtonsController.swift */; };
		2D4951951B03845300B83A32 /* SoftSurveyViewController.swift in Sources */ = {isa = PBXBuildFile; fileRef = 2D4951941B03845300B83A32 /* SoftSurveyViewController.swift */; };
		2D96F8F61B2061A40016C215 /* backs.png in Resources */ = {isa = PBXBuildFile; fileRef = 2D96F8F51B2061A40016C215 /* backs.png */; };
		2D96F8F81B2061B30016C215 /* topic1s.png in Resources */ = {isa = PBXBuildFile; fileRef = 2D96F8F71B2061B30016C215 /* topic1s.png */; };
		2DE9212E1AB0466B0089BC42 /* Main.storyboard in Resources */ = {isa = PBXBuildFile; fileRef = 2DE9212C1AB0466B0089BC42 /* Main.storyboard */; };
		2DE921381AB0970A0089BC42 /* jsonData.json in Resources */ = {isa = PBXBuildFile; fileRef = 2DE921371AB0970A0089BC42 /* jsonData.json */; };
		2DE9213C1AB1B7D30089BC42 /* DataManager.swift in Sources */ = {isa = PBXBuildFile; fileRef = 2DE9213B1AB1B7D30089BC42 /* DataManager.swift */; };
/* End PBXBuildFile section */

/* Begin PBXContainerItemProxy section */
		2D284CBA1AA7719C005C6215 /* PBXContainerItemProxy */ = {
			isa = PBXContainerItemProxy;
			containerPortal = 2D284C991AA7719C005C6215 /* Project object */;
			proxyType = 1;
			remoteGlobalIDString = 2D284CA01AA7719C005C6215;
			remoteInfo = SoftSurvey;
		};
/* End PBXContainerItemProxy section */

/* Begin PBXFileReference section */
		2D002CFA1AC452ED0092A0FA /* Node.swift */ = {isa = PBXFileReference; fileEncoding = 4; lastKnownFileType = sourcecode.swift; path = Node.swift; sourceTree = "<group>"; };
		2D002CFC1AC453BD0092A0FA /* SoftSurvey.swift */ = {isa = PBXFileReference; fileEncoding = 4; lastKnownFileType = sourcecode.swift; path = SoftSurvey.swift; sourceTree = "<group>"; };
		2D284CA11AA7719C005C6215 /* SoftSurvey.app */ = {isa = PBXFileReference; explicitFileType = wrapper.application; includeInIndex = 0; path = SoftSurvey.app; sourceTree = BUILT_PRODUCTS_DIR; };
		2D284CA51AA7719C005C6215 /* Info.plist */ = {isa = PBXFileReference; lastKnownFileType = text.plist.xml; path = Info.plist; sourceTree = "<group>"; };
		2D284CA61AA7719C005C6215 /* AppDelegate.swift */ = {isa = PBXFileReference; lastKnownFileType = sourcecode.swift; path = AppDelegate.swift; sourceTree = "<group>"; };
		2D284CA91AA7719C005C6215 /* SoftSurvey.xcdatamodel */ = {isa = PBXFileReference; lastKnownFileType = wrapper.xcdatamodel; path = SoftSurvey.xcdatamodel; sourceTree = "<group>"; };
		2D284CAB1AA7719C005C6215 /* ViewController.swift */ = {isa = PBXFileReference; lastKnownFileType = sourcecode.swift; path = ViewController.swift; sourceTree = "<group>"; };
		2D284CB01AA7719C005C6215 /* Images.xcassets */ = {isa = PBXFileReference; lastKnownFileType = folder.assetcatalog; path = Images.xcassets; sourceTree = "<group>"; };
		2D284CB31AA7719C005C6215 /* Base */ = {isa = PBXFileReference; lastKnownFileType = file.xib; name = Base; path = Base.lproj/LaunchScreen.xib; sourceTree = "<group>"; };
		2D284CB91AA7719C005C6215 /* SoftSurveyTests.xctest */ = {isa = PBXFileReference; explicitFileType = wrapper.cfbundle; includeInIndex = 0; path = SoftSurveyTests.xctest; sourceTree = BUILT_PRODUCTS_DIR; };
		2D284CBE1AA7719C005C6215 /* Info.plist */ = {isa = PBXFileReference; lastKnownFileType = text.plist.xml; path = Info.plist; sourceTree = "<group>"; };
		2D284CBF1AA7719C005C6215 /* SoftSurveyTests.swift */ = {isa = PBXFileReference; lastKnownFileType = sourcecode.swift; path = SoftSurveyTests.swift; sourceTree = "<group>"; };
		2D284CD31AA79DF5005C6215 /* SoftQuestion.swift */ = {isa = PBXFileReference; fileEncoding = 4; lastKnownFileType = sourcecode.swift; path = SoftQuestion.swift; sourceTree = "<group>"; };
		2D4709441B14A7F4002B314E /* SoftButtonsController.swift */ = {isa = PBXFileReference; fileEncoding = 4; lastKnownFileType = sourcecode.swift; path = SoftButtonsController.swift; sourceTree = "<group>"; };
		2D4951941B03845300B83A32 /* SoftSurveyViewController.swift */ = {isa = PBXFileReference; fileEncoding = 4; lastKnownFileType = sourcecode.swift; path = SoftSurveyViewController.swift; sourceTree = "<group>"; };
		2D96F8F51B2061A40016C215 /* backs.png */ = {isa = PBXFileReference; lastKnownFileType = image.png; path = backs.png; sourceTree = "<group>"; };
		2D96F8F71B2061B30016C215 /* topic1s.png */ = {isa = PBXFileReference; lastKnownFileType = image.png; path = topic1s.png; sourceTree = "<group>"; };
		2DE9212D1AB0466B0089BC42 /* Base */ = {isa = PBXFileReference; lastKnownFileType = file.storyboard; name = Base; path = Base.lproj/Main.storyboard; sourceTree = "<group>"; };
		2DE921371AB0970A0089BC42 /* jsonData.json */ = {isa = PBXFileReference; fileEncoding = 4; lastKnownFileType = text.json; path = jsonData.json; sourceTree = "<group>"; };
		2DE9213B1AB1B7D30089BC42 /* DataManager.swift */ = {isa = PBXFileReference; fileEncoding = 4; lastKnownFileType = sourcecode.swift; path = DataManager.swift; sourceTree = "<group>"; };
/* End PBXFileReference section */

/* Begin PBXFrameworksBuildPhase section */
		2D284C9E1AA7719C005C6215 /* Frameworks */ = {
			isa = PBXFrameworksBuildPhase;
			buildActionMask = 2147483647;
			files = (
			);
			runOnlyForDeploymentPostprocessing = 0;
		};
		2D284CB61AA7719C005C6215 /* Frameworks */ = {
			isa = PBXFrameworksBuildPhase;
			buildActionMask = 2147483647;
			files = (
			);
			runOnlyForDeploymentPostprocessing = 0;
		};
/* End PBXFrameworksBuildPhase section */

/* Begin PBXGroup section */
		2D284C981AA7719C005C6215 = {
			isa = PBXGroup;
			children = (
				2D284CA31AA7719C005C6215 /* SoftSurvey */,
				2D284CBC1AA7719C005C6215 /* SoftSurveyTests */,
				2D284CA21AA7719C005C6215 /* Products */,
			);
			sourceTree = "<group>";
		};
		2D284CA21AA7719C005C6215 /* Products */ = {
			isa = PBXGroup;
			children = (
				2D284CA11AA7719C005C6215 /* SoftSurvey.app */,
				2D284CB91AA7719C005C6215 /* SoftSurveyTests.xctest */,
			);
			name = Products;
			sourceTree = "<group>";
		};
		2D284CA31AA7719C005C6215 /* SoftSurvey */ = {
			isa = PBXGroup;
			children = (
				2D284CDB1AA8A22D005C6215 /* Controllers */,
				2D284CDA1AA8A21D005C6215 /* Models */,
				2D284CD91AA8A20B005C6215 /* Views */,
				2D284CD81AA8A1E8005C6215 /* Interfaces */,
				2D284CD71AA8A1CC005C6215 /* Data */,
				2D284CA61AA7719C005C6215 /* AppDelegate.swift */,
				2D284CB01AA7719C005C6215 /* Images.xcassets */,
				2D284CA81AA7719C005C6215 /* SoftSurvey.xcdatamodeld */,
				2D284CA41AA7719C005C6215 /* Supporting Files */,
			);
			path = SoftSurvey;
			sourceTree = "<group>";
		};
		2D284CA41AA7719C005C6215 /* Supporting Files */ = {
			isa = PBXGroup;
			children = (
				2DE921371AB0970A0089BC42 /* jsonData.json */,
				2D96F8F51B2061A40016C215 /* backs.png */,
				2D96F8F71B2061B30016C215 /* topic1s.png */,
				2D284CA51AA7719C005C6215 /* Info.plist */,
			);
			name = "Supporting Files";
			sourceTree = "<group>";
		};
		2D284CBC1AA7719C005C6215 /* SoftSurveyTests */ = {
			isa = PBXGroup;
			children = (
				2D284CBF1AA7719C005C6215 /* SoftSurveyTests.swift */,
				2D284CBD1AA7719C005C6215 /* Supporting Files */,
			);
			path = SoftSurveyTests;
			sourceTree = "<group>";
		};
		2D284CBD1AA7719C005C6215 /* Supporting Files */ = {
			isa = PBXGroup;
			children = (
				2D284CBE1AA7719C005C6215 /* Info.plist */,
			);
			name = "Supporting Files";
			sourceTree = "<group>";
		};
		2D284CD71AA8A1CC005C6215 /* Data */ = {
			isa = PBXGroup;
			children = (
				2DE9213B1AB1B7D30089BC42 /* DataManager.swift */,
			);
			name = Data;
			sourceTree = "<group>";
		};
		2D284CD81AA8A1E8005C6215 /* Interfaces */ = {
			isa = PBXGroup;
			children = (
				2D284CB21AA7719C005C6215 /* LaunchScreen.xib */,
			);
			name = Interfaces;
			sourceTree = "<group>";
		};
		2D284CD91AA8A20B005C6215 /* Views */ = {
			isa = PBXGroup;
			children = (
				2DE9212C1AB0466B0089BC42 /* Main.storyboard */,
			);
			name = Views;
			sourceTree = "<group>";
		};
		2D284CDA1AA8A21D005C6215 /* Models */ = {
			isa = PBXGroup;
			children = (
				2D284CD31AA79DF5005C6215 /* SoftQuestion.swift */,
				2D002CFA1AC452ED0092A0FA /* Node.swift */,
				2D002CFC1AC453BD0092A0FA /* SoftSurvey.swift */,
			);
			name = Models;
			sourceTree = "<group>";
		};
		2D284CDB1AA8A22D005C6215 /* Controllers */ = {
			isa = PBXGroup;
			children = (
				2D284CAB1AA7719C005C6215 /* ViewController.swift */,
				2D4709441B14A7F4002B314E /* SoftButtonsController.swift */,
				2D4951941B03845300B83A32 /* SoftSurveyViewController.swift */,
			);
			name = Controllers;
			sourceTree = "<group>";
		};
/* End PBXGroup section */

/* Begin PBXNativeTarget section */
		2D284CA01AA7719C005C6215 /* SoftSurvey */ = {
			isa = PBXNativeTarget;
			buildConfigurationList = 2D284CC31AA7719C005C6215 /* Build configuration list for PBXNativeTarget "SoftSurvey" */;
			buildPhases = (
				2D284C9D1AA7719C005C6215 /* Sources */,
				2D284C9E1AA7719C005C6215 /* Frameworks */,
				2D284C9F1AA7719C005C6215 /* Resources */,
			);
			buildRules = (
			);
			dependencies = (
			);
			name = SoftSurvey;
			productName = SoftSurvey;
			productReference = 2D284CA11AA7719C005C6215 /* SoftSurvey.app */;
			productType = "com.apple.product-type.application";
		};
		2D284CB81AA7719C005C6215 /* SoftSurveyTests */ = {
			isa = PBXNativeTarget;
			buildConfigurationList = 2D284CC61AA7719C005C6215 /* Build configuration list for PBXNativeTarget "SoftSurveyTests" */;
			buildPhases = (
				2D284CB51AA7719C005C6215 /* Sources */,
				2D284CB61AA7719C005C6215 /* Frameworks */,
				2D284CB71AA7719C005C6215 /* Resources */,
			);
			buildRules = (
			);
			dependencies = (
				2D284CBB1AA7719C005C6215 /* PBXTargetDependency */,
			);
			name = SoftSurveyTests;
			productName = SoftSurveyTests;
			productReference = 2D284CB91AA7719C005C6215 /* SoftSurveyTests.xctest */;
			productType = "com.apple.product-type.bundle.unit-test";
		};
/* End PBXNativeTarget section */

/* Begin PBXProject section */
		2D284C991AA7719C005C6215 /* Project object */ = {
			isa = PBXProject;
			attributes = {
				LastUpgradeCheck = 0610;
				ORGANIZATIONNAME = "shelley weiss";
				TargetAttributes = {
					2D284CA01AA7719C005C6215 = {
						CreatedOnToolsVersion = 6.1.1;
					};
					2D284CB81AA7719C005C6215 = {
						CreatedOnToolsVersion = 6.1.1;
						TestTargetID = 2D284CA01AA7719C005C6215;
					};
				};
			};
			buildConfigurationList = 2D284C9C1AA7719C005C6215 /* Build configuration list for PBXProject "SoftSurvey" */;
			compatibilityVersion = "Xcode 3.2";
			developmentRegion = English;
			hasScannedForEncodings = 0;
			knownRegions = (
				en,
				Base,
			);
			mainGroup = 2D284C981AA7719C005C6215;
			productRefGroup = 2D284CA21AA7719C005C6215 /* Products */;
			projectDirPath = "";
			projectRoot = "";
			targets = (
				2D284CA01AA7719C005C6215 /* SoftSurvey */,
				2D284CB81AA7719C005C6215 /* SoftSurveyTests */,
			);
		};
/* End PBXProject section */

/* Begin PBXResourcesBuildPhase section */
		2D284C9F1AA7719C005C6215 /* Resources */ = {
			isa = PBXResourcesBuildPhase;
			buildActionMask = 2147483647;
			files = (
				2D96F8F81B2061B30016C215 /* topic1s.png in Resources */,
				2D96F8F61B2061A40016C215 /* backs.png in Resources */,
				2DE9212E1AB0466B0089BC42 /* Main.storyboard in Resources */,
				2D284CB41AA7719C005C6215 /* LaunchScreen.xib in Resources */,
				2D284CB11AA7719C005C6215 /* Images.xcassets in Resources */,
				2DE921381AB0970A0089BC42 /* jsonData.json in Resources */,
			);
			runOnlyForDeploymentPostprocessing = 0;
		};
		2D284CB71AA7719C005C6215 /* Resources */ = {
			isa = PBXResourcesBuildPhase;
			buildActionMask = 2147483647;
			files = (
			);
			runOnlyForDeploymentPostprocessing = 0;
		};
/* End PBXResourcesBuildPhase section */

/* Begin PBXSourcesBuildPhase section */
		2D284C9D1AA7719C005C6215 /* Sources */ = {
			isa = PBXSourcesBuildPhase;
			buildActionMask = 2147483647;
			files = (
				2D4951951B03845300B83A32 /* SoftSurveyViewController.swift in Sources */,
				2D284CD41AA79DF5005C6215 /* SoftQuestion.swift in Sources */,
				2DE9213C1AB1B7D30089BC42 /* DataManager.swift in Sources */,
				2D284CAC1AA7719C005C6215 /* ViewController.swift in Sources */,
				2D002CFB1AC452ED0092A0FA /* Node.swift in Sources */,
				2D4709451B14A7F4002B314E /* SoftButtonsController.swift in Sources */,
				2D284CA71AA7719C005C6215 /* AppDelegate.swift in Sources */,
				2D002CFD1AC453BD0092A0FA /* SoftSurvey.swift in Sources */,
				2D284CAA1AA7719C005C6215 /* SoftSurvey.xcdatamodeld in Sources */,
			);
			runOnlyForDeploymentPostprocessing = 0;
		};
		2D284CB51AA7719C005C6215 /* Sources */ = {
			isa = PBXSourcesBuildPhase;
			buildActionMask = 2147483647;
			files = (
				2D284CC01AA7719C005C6215 /* SoftSurveyTests.swift in Sources */,
			);
			runOnlyForDeploymentPostprocessing = 0;
		};
/* End PBXSourcesBuildPhase section */

/* Begin PBXTargetDependency section */
		2D284CBB1AA7719C005C6215 /* PBXTargetDependency */ = {
			isa = PBXTargetDependency;
			target = 2D284CA01AA7719C005C6215 /* SoftSurvey */;
			targetProxy = 2D284CBA1AA7719C005C6215 /* PBXContainerItemProxy */;
		};
/* End PBXTargetDependency section */

/* Begin PBXVariantGroup section */
		2D284CB21AA7719C005C6215 /* LaunchScreen.xib */ = {
			isa = PBXVariantGroup;
			children = (
				2D284CB31AA7719C005C6215 /* Base */,
			);
			name = LaunchScreen.xib;
			sourceTree = "<group>";
		};
		2DE9212C1AB0466B0089BC42 /* Main.storyboard */ = {
			isa = PBXVariantGroup;
			children = (
				2DE9212D1AB0466B0089BC42 /* Base */,
			);
			name = Main.storyboard;
			sourceTree = "<group>";
		};
/* End PBXVariantGroup section */

/* Begin XCBuildConfiguration section */
		2D284CC11AA7719C005C6215 /* Debug */ = {
			isa = XCBuildConfiguration;
			buildSettings = {
				ALWAYS_SEARCH_USER_PATHS = NO;
				CLANG_CXX_LANGUAGE_STANDARD = "gnu++0x";
				CLANG_CXX_LIBRARY = "libc++";
				CLANG_ENABLE_MODULES = YES;
				CLANG_ENABLE_OBJC_ARC = YES;
				CLANG_WARN_BOOL_CONVERSION = YES;
				CLANG_WARN_CONSTANT_CONVERSION = YES;
				CLANG_WARN_DIRECT_OBJC_ISA_USAGE = YES_ERROR;
				CLANG_WARN_EMPTY_BODY = YES;
				CLANG_WARN_ENUM_CONVERSION = YES;
				CLANG_WARN_INT_CONVERSION = YES;
				CLANG_WARN_OBJC_ROOT_CLASS = YES_ERROR;
				CLANG_WARN_UNREACHABLE_CODE = YES;
				CLANG_WARN__DUPLICATE_METHOD_MATCH = YES;
				"CODE_SIGN_IDENTITY[sdk=iphoneos*]" = "iPhone Developer";
				COPY_PHASE_STRIP = NO;
				ENABLE_STRICT_OBJC_MSGSEND = YES;
				GCC_C_LANGUAGE_STANDARD = gnu99;
				GCC_DYNAMIC_NO_PIC = NO;
				GCC_OPTIMIZATION_LEVEL = 0;
				GCC_PREPROCESSOR_DEFINITIONS = (
					"DEBUG=1",
					"$(inherited)",
				);
				GCC_SYMBOLS_PRIVATE_EXTERN = NO;
				GCC_WARN_64_TO_32_BIT_CONVERSION = YES;
				GCC_WARN_ABOUT_RETURN_TYPE = YES_ERROR;
				GCC_WARN_UNDECLARED_SELECTOR = YES;
				GCC_WARN_UNINITIALIZED_AUTOS = YES_AGGRESSIVE;
				GCC_WARN_UNUSED_FUNCTION = YES;
				GCC_WARN_UNUSED_VARIABLE = YES;
				IPHONEOS_DEPLOYMENT_TARGET = 8.1;
				MTL_ENABLE_DEBUG_INFO = YES;
				ONLY_ACTIVE_ARCH = YES;
				SDKROOT = iphoneos;
				SWIFT_OPTIMIZATION_LEVEL = "-Onone";
			};
			name = Debug;
		};
		2D284CC21AA7719C005C6215 /* Release */ = {
			isa = XCBuildConfiguration;
			buildSettings = {
				ALWAYS_SEARCH_USER_PATHS = NO;
				CLANG_CXX_LANGUAGE_STANDARD = "gnu++0x";
				CLANG_CXX_LIBRARY = "libc++";
				CLANG_ENABLE_MODULES = YES;
				CLANG_ENABLE_OBJC_ARC = YES;
				CLANG_WARN_BOOL_CONVERSION = YES;
				CLANG_WARN_CONSTANT_CONVERSION = YES;
				CLANG_WARN_DIRECT_OBJC_ISA_USAGE = YES_ERROR;
				CLANG_WARN_EMPTY_BODY = YES;
				CLANG_WARN_ENUM_CONVERSION = YES;
				CLANG_WARN_INT_CONVERSION = YES;
				CLANG_WARN_OBJC_ROOT_CLASS = YES_ERROR;
				CLANG_WARN_UNREACHABLE_CODE = YES;
				CLANG_WARN__DUPLICATE_METHOD_MATCH = YES;
				"CODE_SIGN_IDENTITY[sdk=iphoneos*]" = "iPhone Developer";
				COPY_PHASE_STRIP = YES;
				ENABLE_NS_ASSERTIONS = NO;
				ENABLE_STRICT_OBJC_MSGSEND = YES;
				GCC_C_LANGUAGE_STANDARD = gnu99;
				GCC_WARN_64_TO_32_BIT_CONVERSION = YES;
				GCC_WARN_ABOUT_RETURN_TYPE = YES_ERROR;
				GCC_WARN_UNDECLARED_SELECTOR = YES;
				GCC_WARN_UNINITIALIZED_AUTOS = YES_AGGRESSIVE;
				GCC_WARN_UNUSED_FUNCTION = YES;
				GCC_WARN_UNUSED_VARIABLE = YES;
				IPHONEOS_DEPLOYMENT_TARGET = 8.1;
				MTL_ENABLE_DEBUG_INFO = NO;
				SDKROOT = iphoneos;
				VALIDATE_PRODUCT = YES;
			};
			name = Release;
		};
		2D284CC41AA7719C005C6215 /* Debug */ = {
			isa = XCBuildConfiguration;
			buildSettings = {
				ASSETCATALOG_COMPILER_APPICON_NAME = AppIcon;
				INFOPLIST_FILE = SoftSurvey/Info.plist;
				LD_RUNPATH_SEARCH_PATHS = "$(inherited) @executable_path/Frameworks";
				PRODUCT_NAME = "$(TARGET_NAME)";
			};
			name = Debug;
		};
		2D284CC51AA7719C005C6215 /* Release */ = {
			isa = XCBuildConfiguration;
			buildSettings = {
				ASSETCATALOG_COMPILER_APPICON_NAME = AppIcon;
				INFOPLIST_FILE = SoftSurvey/Info.plist;
				LD_RUNPATH_SEARCH_PATHS = "$(inherited) @executable_path/Frameworks";
				PRODUCT_NAME = "$(TARGET_NAME)";
			};
			name = Release;
		};
		2D284CC71AA7719C005C6215 /* Debug */ = {
			isa = XCBuildConfiguration;
			buildSettings = {
				BUNDLE_LOADER = "$(TEST_HOST)";
				FRAMEWORK_SEARCH_PATHS = (
					"$(SDKROOT)/Developer/Library/Frameworks",
					"$(inherited)",
				);
				GCC_PREPROCESSOR_DEFINITIONS = (
					"DEBUG=1",
					"$(inherited)",
				);
				INFOPLIST_FILE = SoftSurveyTests/Info.plist;
				LD_RUNPATH_SEARCH_PATHS = "$(inherited) @executable_path/Frameworks @loader_path/Frameworks";
				PRODUCT_NAME = "$(TARGET_NAME)";
				TEST_HOST = "$(BUILT_PRODUCTS_DIR)/SoftSurvey.app/SoftSurvey";
			};
			name = Debug;
		};
		2D284CC81AA7719C005C6215 /* Release */ = {
			isa = XCBuildConfiguration;
			buildSettings = {
				BUNDLE_LOADER = "$(TEST_HOST)";
				FRAMEWORK_SEARCH_PATHS = (
					"$(SDKROOT)/Developer/Library/Frameworks",
					"$(inherited)",
				);
				INFOPLIST_FILE = SoftSurveyTests/Info.plist;
				LD_RUNPATH_SEARCH_PATHS = "$(inherited) @executable_path/Frameworks @loader_path/Frameworks";
				PRODUCT_NAME = "$(TARGET_NAME)";
				TEST_HOST = "$(BUILT_PRODUCTS_DIR)/SoftSurvey.app/SoftSurvey";
			};
			name = Release;
		};
/* End XCBuildConfiguration section */

/* Begin XCConfigurationList section */
		2D284C9C1AA7719C005C6215 /* Build configuration list for PBXProject "SoftSurvey" */ = {
			isa = XCConfigurationList;
			buildConfigurations = (
				2D284CC11AA7719C005C6215 /* Debug */,
				2D284CC21AA7719C005C6215 /* Release */,
			);
			defaultConfigurationIsVisible = 0;
			defaultConfigurationName = Release;
		};
		2D284CC31AA7719C005C6215 /* Build configuration list for PBXNativeTarget "SoftSurvey" */ = {
			isa = XCConfigurationList;
			buildConfigurations = (
				2D284CC41AA7719C005C6215 /* Debug */,
				2D284CC51AA7719C005C6215 /* Release */,
			);
			defaultConfigurationIsVisible = 0;
			defaultConfigurationName = Release;
		};
		2D284CC61AA7719C005C6215 /* Build configuration list for PBXNativeTarget "SoftSurveyTests" */ = {
			isa = XCConfigurationList;
			buildConfigurations = (
				2D284CC71AA7719C005C6215 /* Debug */,
				2D284CC81AA7719C005C6215 /* Release */,
			);
			defaultConfigurationIsVisible = 0;
			defaultConfigurationName = Release;
		};
/* End XCConfigurationList section */

/* Begin XCVersionGroup section */
		2D284CA81AA7719C005C6215 /* SoftSurvey.xcdatamodeld */ = {
			isa = XCVersionGroup;
			children = (
				2D284CA91AA7719C005C6215 /* SoftSurvey.xcdatamodel */,
			);
			currentVersion = 2D284CA91AA7719C005C6215 /* SoftSurvey.xcdatamodel */;
			path = SoftSurvey.xcdatamodeld;
			sourceTree = "<group>";
			versionGroupType = wrapper.xcdatamodel;
		};
/* End XCVersionGroup section */
	};
	rootObject = 2D284C991AA7719C005C6215 /* Project object */;
}
